
Microsoft Visual Studio Solution File, Format Version 12.00
# Visual Studio Version 17
VisualStudioVersion = 17.1.32319.34
MinimumVisualStudioVersion = 10.0.40219.1
Project("{FAE04EC0-301F-11D3-BF4B-00C04F79EFBC}") = "CellphoneStore", "CellphoneStore.csproj", "{11D6E825-BAA3-4AEF-9A72-6A18AB348E38}"
EndProject
Global
	GlobalSection(SolutionConfigurationPlatforms) = preSolution
		Debug|Any CPU = Debug|Any CPU
		Release|Any CPU = Release|Any CPU
	EndGlobalSection
	GlobalSection(ProjectConfigurationPlatforms) = postSolution
		{11D6E825-BAA3-4AEF-9A72-6A18AB348E38}.Debug|Any CPU.ActiveCfg = Debug|Any CPU
		{11D6E825-BAA3-4AEF-9A72-6A18AB348E38}.Debug|Any CPU.Build.0 = Debug|Any CPU
		{11D6E825-BAA3-4AEF-9A72-6A18AB348E38}.Release|Any CPU.ActiveCfg = Release|Any CPU
		{11D6E825-BAA3-4AEF-9A72-6A18AB348E38}.Release|Any CPU.Build.0 = Release|Any CPU
	EndGlobalSection
	GlobalSection(SolutionProperties) = preSolution
		HideSolutionNode = FALSE
	EndGlobalSection
	GlobalSection(ExtensibilityGlobals) = postSolution
		SolutionGuid = {015C2C22-21C8-4B0C-B3A9-B7C708606BCD}
	EndGlobalSection
EndGlobal
